
Microsoft Visual Studio Solution File, Format Version 11.00
# Visual Studio 2010
Project("{FAE04EC0-301F-11D3-BF4B-00C04F79EFBC}") = "Worker", "Worker\Worker.csproj", "{30BAB100-EE03-49CD-AEB8-E05FCFAE8E57}"
EndProject
Global
	GlobalSection(SolutionConfigurationPlatforms) = preSolution
		Debug|x86 = Debug|x86
		Release|x86 = Release|x86
	EndGlobalSection
	GlobalSection(ProjectConfigurationPlatforms) = postSolution
		{30BAB100-EE03-49CD-AEB8-E05FCFAE8E57}.Debug|x86.ActiveCfg = Debug|x86
		{30BAB100-EE03-49CD-AEB8-E05FCFAE8E57}.Debug|x86.Build.0 = Debug|x86
		{30BAB100-EE03-49CD-AEB8-E05FCFAE8E57}.Release|x86.ActiveCfg = Release|x86
		{30BAB100-EE03-49CD-AEB8-E05FCFAE8E57}.Release|x86.Build.0 = Release|x86
	EndGlobalSection
	GlobalSection(MonoDevelopProperties) = preSolution
		StartupItem = Worker\Worker.csproj
	EndGlobalSection
EndGlobal
